// !$*UTF8*$!
{
	archiveVersion = 1;
	classes = {
	};
	objectVersion = 46;
	objects = {

/* Begin PBXBuildFile section */
		416C76B31FE982DE00B9BA62 /* ViewController.swift in Sources */ = {isa = PBXBuildFile; fileRef = 416C76B21FE982DE00B9BA62 /* ViewController.swift */; };
		416C76B51FE982F300B9BA62 /* AppDelegate.swift in Sources */ = {isa = PBXBuildFile; fileRef = 416C76B41FE982F300B9BA62 /* AppDelegate.swift */; };
		416C76BC1FE9832500B9BA62 /* LaunchScreen.storyboard in Resources */ = {isa = PBXBuildFile; fileRef = 416C76B81FE9832500B9BA62 /* LaunchScreen.storyboard */; };
		416C76BD1FE9832500B9BA62 /* Main.storyboard in Resources */ = {isa = PBXBuildFile; fileRef = 416C76BA1FE9832500B9BA62 /* Main.storyboard */; };
		416C76C01FE9834600B9BA62 /* Assets.xcassets in Resources */ = {isa = PBXBuildFile; fileRef = 416C76BF1FE9834600B9BA62 /* Assets.xcassets */; };
		416C76C71FE9848D00B9BA62 /* CityListing.xcdatamodeld in Sources */ = {isa = PBXBuildFile; fileRef = 416C76C51FE9848D00B9BA62 /* CityListing.xcdatamodeld */; };
		416C76C91FE9886600B9BA62 /* PersistanceService.swift in Sources */ = {isa = PBXBuildFile; fileRef = 416C76C81FE9886600B9BA62 /* PersistanceService.swift */; };
		416C76CB1FE9890200B9BA62 /* City.csv in Resources */ = {isa = PBXBuildFile; fileRef = 416C76CA1FE9890200B9BA62 /* City.csv */; };
		416C76CF1FE9936B00B9BA62 /* Constants.swift in Sources */ = {isa = PBXBuildFile; fileRef = 416C76CE1FE9936B00B9BA62 /* Constants.swift */; };
		416C76D21FE9A0E300B9BA62 /* HomeTableViewCell.swift in Sources */ = {isa = PBXBuildFile; fileRef = 416C76D11FE9A0E300B9BA62 /* HomeTableViewCell.swift */; };
/* End PBXBuildFile section */

/* Begin PBXFileReference section */
		416C769B1FE9825400B9BA62 /* CityListing.app */ = {isa = PBXFileReference; explicitFileType = wrapper.application; includeInIndex = 0; path = CityListing.app; sourceTree = BUILT_PRODUCTS_DIR; };
		416C76B21FE982DE00B9BA62 /* ViewController.swift */ = {isa = PBXFileReference; fileEncoding = 4; lastKnownFileType = sourcecode.swift; path = ViewController.swift; sourceTree = "<group>"; };
		416C76B41FE982F300B9BA62 /* AppDelegate.swift */ = {isa = PBXFileReference; fileEncoding = 4; lastKnownFileType = sourcecode.swift; path = AppDelegate.swift; sourceTree = "<group>"; };
		416C76B91FE9832500B9BA62 /* Base */ = {isa = PBXFileReference; lastKnownFileType = file.storyboard; name = Base; path = Base.lproj/LaunchScreen.storyboard; sourceTree = "<group>"; };
		416C76BB1FE9832500B9BA62 /* Base */ = {isa = PBXFileReference; lastKnownFileType = file.storyboard; name = Base; path = Base.lproj/Main.storyboard; sourceTree = "<group>"; };
		416C76BF1FE9834600B9BA62 /* Assets.xcassets */ = {isa = PBXFileReference; lastKnownFileType = folder.assetcatalog; path = Assets.xcassets; sourceTree = "<group>"; };
		416C76C21FE9836000B9BA62 /* Info.plist */ = {isa = PBXFileReference; fileEncoding = 4; lastKnownFileType = text.plist.xml; path = Info.plist; sourceTree = "<group>"; };
		416C76C61FE9848D00B9BA62 /* CityListing.xcdatamodel */ = {isa = PBXFileReference; lastKnownFileType = wrapper.xcdatamodel; path = CityListing.xcdatamodel; sourceTree = "<group>"; };
		416C76C81FE9886600B9BA62 /* PersistanceService.swift */ = {isa = PBXFileReference; fileEncoding = 4; lastKnownFileType = sourcecode.swift; path = PersistanceService.swift; sourceTree = "<group>"; };
		416C76CA1FE9890200B9BA62 /* City.csv */ = {isa = PBXFileReference; fileEncoding = 4; lastKnownFileType = text; path = City.csv; sourceTree = "<group>"; };
		416C76CE1FE9936B00B9BA62 /* Constants.swift */ = {isa = PBXFileReference; fileEncoding = 4; lastKnownFileType = sourcecode.swift; path = Constants.swift; sourceTree = "<group>"; };
		416C76D11FE9A0E300B9BA62 /* HomeTableViewCell.swift */ = {isa = PBXFileReference; fileEncoding = 4; lastKnownFileType = sourcecode.swift; path = HomeTableViewCell.swift; sourceTree = "<group>"; };
/* End PBXFileReference section */

/* Begin PBXFrameworksBuildPhase section */
		416C76981FE9825400B9BA62 /* Frameworks */ = {
			isa = PBXFrameworksBuildPhase;
			buildActionMask = 2147483647;
			files = (
			);
			runOnlyForDeploymentPostprocessing = 0;
		};
/* End PBXFrameworksBuildPhase section */

/* Begin PBXGroup section */
		416C76921FE9825400B9BA62 = {
			isa = PBXGroup;
			children = (
				416C769D1FE9825400B9BA62 /* CityListing */,
				416C769C1FE9825400B9BA62 /* Products */,
			);
			sourceTree = "<group>";
		};
		416C769C1FE9825400B9BA62 /* Products */ = {
			isa = PBXGroup;
			children = (
				416C769B1FE9825400B9BA62 /* CityListing.app */,
			);
			name = Products;
			sourceTree = "<group>";
		};
		416C769D1FE9825400B9BA62 /* CityListing */ = {
			isa = PBXGroup;
			children = (
				416C76CC1FE9935E00B9BA62 /* Utilities */,
				416C76C41FE9845C00B9BA62 /* Data base (Core data) */,
				416C76B61FE9832500B9BA62 /* Resources */,
				416C76B01FE982DE00B9BA62 /* View Controllers */,
			);
			path = CityListing;
			sourceTree = "<group>";
		};
		416C76B01FE982DE00B9BA62 /* View Controllers */ = {
			isa = PBXGroup;
			children = (
				416C76B41FE982F300B9BA62 /* AppDelegate.swift */,
				416C76B11FE982DE00B9BA62 /* Home view controller */,
			);
			path = "View Controllers";
			sourceTree = "<group>";
		};
		416C76B11FE982DE00B9BA62 /* Home view controller */ = {
			isa = PBXGroup;
			children = (
				416C76D01FE9A0D200B9BA62 /* Home tableview cell */,
				416C76B21FE982DE00B9BA62 /* ViewController.swift */,
			);
			path = "Home view controller";
			sourceTree = "<group>";
		};
		416C76B61FE9832500B9BA62 /* Resources */ = {
			isa = PBXGroup;
			children = (
				416C76C11FE9836000B9BA62 /* Plists */,
				416C76BE1FE9834600B9BA62 /* Images */,
				416C76B71FE9832500B9BA62 /* Storyboards */,
			);
			path = Resources;
			sourceTree = "<group>";
		};
		416C76B71FE9832500B9BA62 /* Storyboards */ = {
			isa = PBXGroup;
			children = (
				416C76B81FE9832500B9BA62 /* LaunchScreen.storyboard */,
				416C76BA1FE9832500B9BA62 /* Main.storyboard */,
			);
			path = Storyboards;
			sourceTree = "<group>";
		};
		416C76BE1FE9834600B9BA62 /* Images */ = {
			isa = PBXGroup;
			children = (
				416C76BF1FE9834600B9BA62 /* Assets.xcassets */,
			);
			path = Images;
			sourceTree = "<group>";
		};
		416C76C11FE9836000B9BA62 /* Plists */ = {
			isa = PBXGroup;
			children = (
				416C76C21FE9836000B9BA62 /* Info.plist */,
			);
			path = Plists;
			sourceTree = "<group>";
		};
		416C76C41FE9845C00B9BA62 /* Data base (Core data) */ = {
			isa = PBXGroup;
			children = (
				416C76CA1FE9890200B9BA62 /* City.csv */,
				416C76C81FE9886600B9BA62 /* PersistanceService.swift */,
				416C76C51FE9848D00B9BA62 /* CityListing.xcdatamodeld */,
			);
			path = "Data base (Core data)";
			sourceTree = "<group>";
		};
		416C76CC1FE9935E00B9BA62 /* Utilities */ = {
			isa = PBXGroup;
			children = (
				416C76CD1FE9935E00B9BA62 /* Constants file */,
			);
			path = Utilities;
			sourceTree = "<group>";
		};
		416C76CD1FE9935E00B9BA62 /* Constants file */ = {
			isa = PBXGroup;
			children = (
				416C76CE1FE9936B00B9BA62 /* Constants.swift */,
			);
			path = "Constants file";
			sourceTree = "<group>";
		};
		416C76D01FE9A0D200B9BA62 /* Home tableview cell */ = {
			isa = PBXGroup;
			children = (
				416C76D11FE9A0E300B9BA62 /* HomeTableViewCell.swift */,
			);
			path = "Home tableview cell";
			sourceTree = "<group>";
		};
/* End PBXGroup section */

/* Begin PBXNativeTarget section */
		416C769A1FE9825400B9BA62 /* CityListing */ = {
			isa = PBXNativeTarget;
			buildConfigurationList = 416C76AD1FE9825400B9BA62 /* Build configuration list for PBXNativeTarget "CityListing" */;
			buildPhases = (
				416C76971FE9825400B9BA62 /* Sources */,
				416C76981FE9825400B9BA62 /* Frameworks */,
				416C76991FE9825400B9BA62 /* Resources */,
			);
			buildRules = (
			);
			dependencies = (
			);
			name = CityListing;
			productName = CityListing;
			productReference = 416C769B1FE9825400B9BA62 /* CityListing.app */;
			productType = "com.apple.product-type.application";
		};
/* End PBXNativeTarget section */

/* Begin PBXProject section */
		416C76931FE9825400B9BA62 /* Project object */ = {
			isa = PBXProject;
			attributes = {
				LastSwiftUpdateCheck = 0830;
				LastUpgradeCheck = 0830;
				ORGANIZATIONNAME = www.programmingcrew.in;
				TargetAttributes = {
					416C769A1FE9825400B9BA62 = {
						CreatedOnToolsVersion = 8.3.2;
						ProvisioningStyle = Automatic;
					};
				};
			};
			buildConfigurationList = 416C76961FE9825400B9BA62 /* Build configuration list for PBXProject "CityListing" */;
			compatibilityVersion = "Xcode 3.2";
			developmentRegion = English;
			hasScannedForEncodings = 0;
			knownRegions = (
				en,
				Base,
			);
			mainGroup = 416C76921FE9825400B9BA62;
			productRefGroup = 416C769C1FE9825400B9BA62 /* Products */;
			projectDirPath = "";
			projectRoot = "";
			targets = (
				416C769A1FE9825400B9BA62 /* CityListing */,
			);
		};
/* End PBXProject section */

/* Begin PBXResourcesBuildPhase section */
		416C76991FE9825400B9BA62 /* Resources */ = {
			isa = PBXResourcesBuildPhase;
			buildActionMask = 2147483647;
			files = (
				416C76BD1FE9832500B9BA62 /* Main.storyboard in Resources */,
				416C76C01FE9834600B9BA62 /* Assets.xcassets in Resources */,
				416C76CB1FE9890200B9BA62 /* City.csv in Resources */,
				416C76BC1FE9832500B9BA62 /* LaunchScreen.storyboard in Resources */,
			);
			runOnlyForDeploymentPostprocessing = 0;
		};
/* End PBXResourcesBuildPhase section */

/* Begin PBXSourcesBuildPhase section */
		416C76971FE9825400B9BA62 /* Sources */ = {
			isa = PBXSourcesBuildPhase;
			buildActionMask = 2147483647;
			files = (
				416C76D21FE9A0E300B9BA62 /* HomeTableViewCell.swift in Sources */,
				416C76CF1FE9936B00B9BA62 /* Constants.swift in Sources */,
				416C76C71FE9848D00B9BA62 /* CityListing.xcdatamodeld in Sources */,
				416C76C91FE9886600B9BA62 /* PersistanceService.swift in Sources */,
				416C76B51FE982F300B9BA62 /* AppDelegate.swift in Sources */,
				416C76B31FE982DE00B9BA62 /* ViewController.swift in Sources */,
			);
			runOnlyForDeploymentPostprocessing = 0;
		};
/* End PBXSourcesBuildPhase section */

/* Begin PBXVariantGroup section */
		416C76B81FE9832500B9BA62 /* LaunchScreen.storyboard */ = {
			isa = PBXVariantGroup;
			children = (
				416C76B91FE9832500B9BA62 /* Base */,
			);
			name = LaunchScreen.storyboard;
			sourceTree = "<group>";
		};
		416C76BA1FE9832500B9BA62 /* Main.storyboard */ = {
			isa = PBXVariantGroup;
			children = (
				416C76BB1FE9832500B9BA62 /* Base */,
			);
			name = Main.storyboard;
			sourceTree = "<group>";
		};
/* End PBXVariantGroup section */

/* Begin XCBuildConfiguration section */
		416C76AB1FE9825400B9BA62 /* Debug */ = {
			isa = XCBuildConfiguration;
			buildSettings = {
				ALWAYS_SEARCH_USER_PATHS = NO;
				CLANG_ANALYZER_NONNULL = YES;
				CLANG_ANALYZER_NUMBER_OBJECT_CONVERSION = YES_AGGRESSIVE;
				CLANG_CXX_LANGUAGE_STANDARD = "gnu++0x";
				CLANG_CXX_LIBRARY = "libc++";
				CLANG_ENABLE_MODULES = YES;
				CLANG_ENABLE_OBJC_ARC = YES;
				CLANG_WARN_BOOL_CONVERSION = YES;
				CLANG_WARN_CONSTANT_CONVERSION = YES;
				CLANG_WARN_DIRECT_OBJC_ISA_USAGE = YES_ERROR;
				CLANG_WARN_DOCUMENTATION_COMMENTS = YES;
				CLANG_WARN_EMPTY_BODY = YES;
				CLANG_WARN_ENUM_CONVERSION = YES;
				CLANG_WARN_INFINITE_RECURSION = YES;
				CLANG_WARN_INT_CONVERSION = YES;
				CLANG_WARN_OBJC_ROOT_CLASS = YES_ERROR;
				CLANG_WARN_SUSPICIOUS_MOVE = YES;
				CLANG_WARN_UNREACHABLE_CODE = YES;
				CLANG_WARN__DUPLICATE_METHOD_MATCH = YES;
				"CODE_SIGN_IDENTITY[sdk=iphoneos*]" = "iPhone Developer";
				COPY_PHASE_STRIP = NO;
				DEBUG_INFORMATION_FORMAT = dwarf;
				ENABLE_STRICT_OBJC_MSGSEND = YES;
				ENABLE_TESTABILITY = YES;
				GCC_C_LANGUAGE_STANDARD = gnu99;
				GCC_DYNAMIC_NO_PIC = NO;
				GCC_NO_COMMON_BLOCKS = YES;
				GCC_OPTIMIZATION_LEVEL = 0;
				GCC_PREPROCESSOR_DEFINITIONS = (
					"DEBUG=1",
					"$(inherited)",
				);
				GCC_WARN_64_TO_32_BIT_CONVERSION = YES;
				GCC_WARN_ABOUT_RETURN_TYPE = YES_ERROR;
				GCC_WARN_UNDECLARED_SELECTOR = YES;
				GCC_WARN_UNINITIALIZED_AUTOS = YES_AGGRESSIVE;
				GCC_WARN_UNUSED_FUNCTION = YES;
				GCC_WARN_UNUSED_VARIABLE = YES;
				IPHONEOS_DEPLOYMENT_TARGET = 10.3;
				MTL_ENABLE_DEBUG_INFO = YES;
				ONLY_ACTIVE_ARCH = YES;
				SDKROOT = iphoneos;
				SWIFT_ACTIVE_COMPILATION_CONDITIONS = DEBUG;
				SWIFT_OPTIMIZATION_LEVEL = "-Onone";
			};
			name = Debug;
		};
		416C76AC1FE9825400B9BA62 /* Release */ = {
			isa = XCBuildConfiguration;
			buildSettings = {
				ALWAYS_SEARCH_USER_PATHS = NO;
				CLANG_ANALYZER_NONNULL = YES;
				CLANG_ANALYZER_NUMBER_OBJECT_CONVERSION = YES_AGGRESSIVE;
				CLANG_CXX_LANGUAGE_STANDARD = "gnu++0x";
				CLANG_CXX_LIBRARY = "libc++";
				CLANG_ENABLE_MODULES = YES;
				CLANG_ENABLE_OBJC_ARC = YES;
				CLANG_WARN_BOOL_CONVERSION = YES;
				CLANG_WARN_CONSTANT_CONVERSION = YES;
				CLANG_WARN_DIRECT_OBJC_ISA_USAGE = YES_ERROR;
				CLANG_WARN_DOCUMENTATION_COMMENTS = YES;
				CLANG_WARN_EMPTY_BODY = YES;
				CLANG_WARN_ENUM_CONVERSION = YES;
				CLANG_WARN_INFINITE_RECURSION = YES;
				CLANG_WARN_INT_CONVERSION = YES;
				CLANG_WARN_OBJC_ROOT_CLASS = YES_ERROR;
				CLANG_WARN_SUSPICIOUS_MOVE = YES;
				CLANG_WARN_UNREACHABLE_CODE = YES;
				CLANG_WARN__DUPLICATE_METHOD_MATCH = YES;
				"CODE_SIGN_IDENTITY[sdk=iphoneos*]" = "iPhone Developer";
				COPY_PHASE_STRIP = NO;
				DEBUG_INFORMATION_FORMAT = "dwarf-with-dsym";
				ENABLE_NS_ASSERTIONS = NO;
				ENABLE_STRICT_OBJC_MSGSEND = YES;
				GCC_C_LANGUAGE_STANDARD = gnu99;
				GCC_NO_COMMON_BLOCKS = YES;
				GCC_WARN_64_TO_32_BIT_CONVERSION = YES;
				GCC_WARN_ABOUT_RETURN_TYPE = YES_ERROR;
				GCC_WARN_UNDECLARED_SELECTOR = YES;
				GCC_WARN_UNINITIALIZED_AUTOS = YES_AGGRESSIVE;
				GCC_WARN_UNUSED_FUNCTION = YES;
				GCC_WARN_UNUSED_VARIABLE = YES;
				IPHONEOS_DEPLOYMENT_TARGET = 10.3;
				MTL_ENABLE_DEBUG_INFO = NO;
				SDKROOT = iphoneos;
				SWIFT_OPTIMIZATION_LEVEL = "-Owholemodule";
				VALIDATE_PRODUCT = YES;
			};
			name = Release;
		};
		416C76AE1FE9825400B9BA62 /* Debug */ = {
			isa = XCBuildConfiguration;
			buildSettings = {
				ASSETCATALOG_COMPILER_APPICON_NAME = AppIcon;
				INFOPLIST_FILE = "$(SRCROOT)/CityListing/Resources/Plists/Info.plist";
				IPHONEOS_DEPLOYMENT_TARGET = 10.0;
				LD_RUNPATH_SEARCH_PATHS = "$(inherited) @executable_path/Frameworks";
				PRODUCT_BUNDLE_IDENTIFIER = com.programmingcrew.CityListing;
				PRODUCT_NAME = "$(TARGET_NAME)";
				SWIFT_VERSION = 3.0;
			};
			name = Debug;
		};
		416C76AF1FE9825400B9BA62 /* Release */ = {
			isa = XCBuildConfiguration;
			buildSettings = {
				ASSETCATALOG_COMPILER_APPICON_NAME = AppIcon;
				INFOPLIST_FILE = "$(SRCROOT)/CityListing/Resources/Plists/Info.plist";
				IPHONEOS_DEPLOYMENT_TARGET = 10.0;
				LD_RUNPATH_SEARCH_PATHS = "$(inherited) @executable_path/Frameworks";
				PRODUCT_BUNDLE_IDENTIFIER = com.programmingcrew.CityListing;
				PRODUCT_NAME = "$(TARGET_NAME)";
				SWIFT_VERSION = 3.0;
			};
			name = Release;
		};
/* End XCBuildConfiguration section */

/* Begin XCConfigurationList section */
		416C76961FE9825400B9BA62 /* Build configuration list for PBXProject "CityListing" */ = {
			isa = XCConfigurationList;
			buildConfigurations = (
				416C76AB1FE9825400B9BA62 /* Debug */,
				416C76AC1FE9825400B9BA62 /* Release */,
			);
			defaultConfigurationIsVisible = 0;
			defaultConfigurationName = Release;
		};
		416C76AD1FE9825400B9BA62 /* Build configuration list for PBXNativeTarget "CityListing" */ = {
			isa = XCConfigurationList;
			buildConfigurations = (
				416C76AE1FE9825400B9BA62 /* Debug */,
				416C76AF1FE9825400B9BA62 /* Release */,
			);
			defaultConfigurationIsVisible = 0;
			defaultConfigurationName = Release;
		};
/* End XCConfigurationList section */

/* Begin XCVersionGroup section */
		416C76C51FE9848D00B9BA62 /* CityListing.xcdatamodeld */ = {
			isa = XCVersionGroup;
			children = (
				416C76C61FE9848D00B9BA62 /* CityListing.xcdatamodel */,
			);
			currentVersion = 416C76C61FE9848D00B9BA62 /* CityListing.xcdatamodel */;
			path = CityListing.xcdatamodeld;
			sourceTree = "<group>";
			versionGroupType = wrapper.xcdatamodel;
		};
/* End XCVersionGroup section */
	};
	rootObject = 416C76931FE9825400B9BA62 /* Project object */;
}
